
Microsoft Visual Studio Solution File, Format Version 12.00
# Visual Studio Version 16
VisualStudioVersion = 16.0.30413.136
MinimumVisualStudioVersion = 10.0.40219.1
Project("{9A19103F-16F7-4668-BE54-9A1E7A4F7556}") = "IotTesting_1", "IotTesting_1\IotTesting_1.csproj", "{76210975-48CD-41C5-A300-B11228C58DB2}"
EndProject
Project("{9A19103F-16F7-4668-BE54-9A1E7A4F7556}") = "IoT_Testing_1,5", "IoT_Testing_1,5\IoT_Testing_1,5.csproj", "{EC70D0B2-D943-460C-90DC-28248F081310}"
EndProject
Project("{FAE04EC0-301F-11D3-BF4B-00C04F79EFBC}") = "ServiceClient.Test", "ServiceClient.Test\ServiceClient.Test.csproj", "{EB95D9C6-2A22-4F40-BCA5-2B3AEDE49492}"
EndProject
Global
	GlobalSection(SolutionConfigurationPlatforms) = preSolution
		Debug|Any CPU = Debug|Any CPU
		Release|Any CPU = Release|Any CPU
	EndGlobalSection
	GlobalSection(ProjectConfigurationPlatforms) = postSolution
		{76210975-48CD-41C5-A300-B11228C58DB2}.Debug|Any CPU.ActiveCfg = Debug|Any CPU
		{76210975-48CD-41C5-A300-B11228C58DB2}.Debug|Any CPU.Build.0 = Debug|Any CPU
		{76210975-48CD-41C5-A300-B11228C58DB2}.Release|Any CPU.ActiveCfg = Release|Any CPU
		{76210975-48CD-41C5-A300-B11228C58DB2}.Release|Any CPU.Build.0 = Release|Any CPU
		{EC70D0B2-D943-460C-90DC-28248F081310}.Debug|Any CPU.ActiveCfg = Debug|Any CPU
		{EC70D0B2-D943-460C-90DC-28248F081310}.Debug|Any CPU.Build.0 = Debug|Any CPU
		{EC70D0B2-D943-460C-90DC-28248F081310}.Release|Any CPU.ActiveCfg = Release|Any CPU
		{EC70D0B2-D943-460C-90DC-28248F081310}.Release|Any CPU.Build.0 = Release|Any CPU
		{EB95D9C6-2A22-4F40-BCA5-2B3AEDE49492}.Debug|Any CPU.ActiveCfg = Debug|Any CPU
		{EB95D9C6-2A22-4F40-BCA5-2B3AEDE49492}.Debug|Any CPU.Build.0 = Debug|Any CPU
		{EB95D9C6-2A22-4F40-BCA5-2B3AEDE49492}.Release|Any CPU.ActiveCfg = Release|Any CPU
		{EB95D9C6-2A22-4F40-BCA5-2B3AEDE49492}.Release|Any CPU.Build.0 = Release|Any CPU
	EndGlobalSection
	GlobalSection(SolutionProperties) = preSolution
		HideSolutionNode = FALSE
	EndGlobalSection
	GlobalSection(ExtensibilityGlobals) = postSolution
		SolutionGuid = {EC0C71BA-8DC5-4F16-86A2-BF85C75B7A73}
	EndGlobalSection
EndGlobal
